version = 1
revision = 3
requires-python = ">=3.14"

[[package]]
name = "annotated-doc"
version = "0.0.4"
source = { registry = "https://pypi.org/simple" }
sdist = { url = "https://files.pythonhosted.org/packages/57/ba/046ceea27344560984e26a590f90bc7f4a75b06701f653222458922b558c/annotated_doc-0.0.4.tar.gz", hash = "sha256:fbcda96e87e9c92ad167c2e53839e57503ecfda18804ea28102353485033faa4", size = 7288, upload-time = "2025-11-10T22:07:42.062Z" }
wheels = [
    { url = "https://files.pythonhosted.org/packages/1e/d3/26bf1008eb3d2daa8ef4cacc7f3bfdc11818d111f7e2d0201bc6e3b49d45/annotated_doc-0.0.4-py3-none-any.whl", hash = "sha256:571ac1dc6991c450b25a9c2d84a3705e2ae7a53467b5d111c24fa8baabbed320", size = 5303, upload-time = "2025-11-10T22:07:40.673Z" },
]

[[package]]
name = "cffi"
version = "2.1.0"
source = { registry = "https://pypi.org/simple" }
dependencies = [
    { name = "pycparser", marker = "implementation_name != 'PyPy'" },
]
sdist = { url = "https://files.pythonhosted.org/packages/57/5f/ff100cae70ebe9d8df1c01a00e510e45d9adb5c1fdda84791b199141de97/cffi-2.1.0.tar.gz", hash = "sha256:efc1cdd798b1aaf39b4610bba7aad28c9bea9b910f25c784ccf9ec1fa719d1f9", size = 531036, upload-time = "2026-07-06T21:34:30.382Z" }
wheels = [
    { url = "https://files.pythonhosted.org/packages/d8/f0/81478e482afa03f6d18dc8f2afb5edc45b3080853b634b5ed91961be0998/cffi-2.1.0-cp314-cp314-ios_13_0_arm64_iphoneos.whl", hash = "sha256:d2117334c3af3bdcb9a88522b844a2bdb5efdc4f71c6c822df55486ae1c3347a", size = 194142, upload-time = "2026-07-06T21:33:23.657Z" },
    { url = "https://files.pythonhosted.org/packages/7d/95/8de304305cd9204974b0ca051b86d307cafca13aa575a0ef1b44d92c0d8c/cffi-2.1.0-cp314-cp314-ios_13_0_arm64_iphonesimulator.whl", hash = "sha256:702c436735fbe99d59ada02a1f65cfc0d31c0ee8b7290912f8fbc5cd1e4b16c3", size = 196819, upload-time = "2026-07-06T21:33:25.007Z" },
    { url = "https://files.pythonhosted.org/packages/0f/6f/ade5ce9863a57992a6ea3d0d10d7e29b8749fc127204b3d493d667b2815f/cffi-2.1.0-cp314-cp314-win32.whl", hash = "sha256:1854b724d00f6654c742097d5387569021be12d3a0f770eae1df8f8acfcc6acd", size = 177723, upload-time = "2026-07-06T21:33:51.626Z" },
    { url = "https://files.pythonhosted.org/packages/41/de/92b9eeed4ae4a21d6fd9b2a2c8505cbed573299902ea73981cc13f7ff62c/cffi-2.1.0-cp314-cp314-win_amd64.whl", hash = "sha256:1b96bfe2c4bd825681b7d311ad6d9b7280a091f43e8f63da5729638083cd3bfb", size = 187937, upload-time = "2026-07-06T21:33:53.403Z" },
    { url = "https://files.pythonhosted.org/packages/2e/1a/cc6ae6c2913a03aab8898eee57963cf1035b8df5872ed8b9115fcc7e2be8/cffi-2.1.0-cp314-cp314-win_arm64.whl", hash = "sha256:7d28dff1db6764108bc30788d85d61c876beff416d9a49cb9dd7c5a9f34f5804", size = 183001, upload-time = "2026-07-06T21:33:54.74Z" },
    { url = "https://files.pythonhosted.org/packages/dc/78/aa01ac599a8a4322533d45a1f9bc93b338276d2d59dabbe7c6d92a775c81/cffi-2.1.0-cp314-cp314t-win32.whl", hash = "sha256:7d034dcffa09e9a46c93fa3a3be402096cb5354ac6e41ab8e5cc9cd8b642ad76", size = 182857, upload-time = "2026-07-06T21:33:47.696Z" },
    { url = "https://files.pythonhosted.org/packages/b9/26/d00496b22de4d4228f32dde94ad996f350c8aad676d63bcca0743c8dea4d/cffi-2.1.0-cp314-cp314t-win_amd64.whl", hash = "sha256:0582a58f3051372229ca8e7f5f589f9e5632678208d8636fea3676711fdf7fe5", size = 194065, upload-time = "2026-07-06T21:33:48.953Z" },
    { url = "https://files.pythonhosted.org/packages/d5/dd/0c7dbf815a579ff005008a2d815a55d6bb047c349eef536d9dc53d3f0a8d/cffi-2.1.0-cp314-cp314t-win_arm64.whl", hash = "sha256:510aeeeac94811b138077451da1fb18b308a5feab47dd2b603af55804155e1c8", size = 186404, upload-time = "2026-07-06T21:33:50.309Z" },
    { url = "https://files.pythonhosted.org/packages/55/c7/8c8c50cb11c6750051daf12164098a9a6f027ac4356967fd4d800a07f242/cffi-2.1.0-cp315-cp315-ios_13_0_arm64_iphoneos.whl", hash = "sha256:2e9dabb9abcb7ad15938c7196ad5c1718a4e6d33cc79b4c0209bdb64c4a54a5c", size = 194121, upload-time = "2026-07-06T21:33:56.109Z" },
    { url = "https://files.pythonhosted.org/packages/99/e2/67680bf19a6b60d2bb7ff83baefa2a4c3d2d7dc0f3277034b802e1fc504c/cffi-2.1.0-cp315-cp315-ios_13_0_arm64_iphonesimulator.whl", hash = "sha256:37f525a7e7e50c017fdebe58b787be310ad59357ae43a053943a6e1a6c526001", size = 196820, upload-time = "2026-07-06T21:33:57.288Z" },
    { url = "https://files.pythonhosted.org/packages/2c/d8/772b8259bf75749adffb1c546828978381fb516f60cf701f6c83daf60c85/cffi-2.1.0-cp315-cp315-win32.whl", hash = "sha256:0a42c688d19fca6e095a53c6a6e2295a5b050a8b289f109adab02a9e61a25de6", size = 177696, upload-time = "2026-07-06T21:34:26.355Z" },
    { url = "https://files.pythonhosted.org/packages/2f/dd/afa2191fc6d57fedd26e5844a2fe2fcc0bbfa00961bbaa5a41e4921e7cca/cffi-2.1.0-cp315-cp315-win_amd64.whl", hash = "sha256:bccbbb5ee76a61f9d99b5bf3846a51d7fca4b6a732fe46f89295610edaf41853", size = 187914, upload-time = "2026-07-06T21:34:27.58Z" },
    { url = "https://files.pythonhosted.org/packages/05/ef/6cd4f8c671517162379dc79cfae5aea9106bc38abb89628d5c16adf6a838/cffi-2.1.0-cp315-cp315-win_arm64.whl", hash = "sha256:8d35c139744adb3e727cd51b1a18324bbe44b8bd41bf8322bca4d41289f48eda", size = 183004, upload-time = "2026-07-06T21:34:28.905Z" },
    { url = "https://files.pythonhosted.org/packages/68/5a/e536c528bc8057496c360c0978559a2dc45653f89dd6151078aa7d8fca1a/cffi-2.1.0-cp315-cp315t-win32.whl", hash = "sha256:cb96698e3c7413d906ce83f8ffd245ec1bd94707541f299d0ce4d6b0193e982b", size = 182760, upload-time = "2026-07-06T21:34:22.059Z" },
    { url = "https://files.pythonhosted.org/packages/d3/0b/0ffe8b82d3875bced5fa1e7986a7a46b748262a40ab7f60b475eb9fb1bb3/cffi-2.1.0-cp315-cp315t-win_amd64.whl", hash = "sha256:f146d154428a2523f9cc7936c02353c2459b8f6cf07d3cd1ee1c0a611109c5d5", size = 193769, upload-time = "2026-07-06T21:34:23.589Z" },
    { url = "https://files.pythonhosted.org/packages/a0/17/1073b53b68c9b5ca6914adf5f8bf55aacc2d3be102418c90700160ea8605/cffi-2.1.0-cp315-cp315t-win_arm64.whl", hash = "sha256:cbb7640ce37159548d2147b5b8c241f962143d4c71231431820783f4dc78f210", size = 186405, upload-time = "2026-07-06T21:34:24.857Z" },
]

[[package]]
name = "cluster"
version = "0.1.0"
source = { editable = "." }
dependencies = [
    { name = "parallel-ssh" },
    { name = "pyyaml" },
    { name = "typer" },
]

[package.metadata]
requires-dist = [
    { name = "parallel-ssh", specifier = ">=2.16.0.post1" },
    { name = "pyyaml", specifier = ">=6.0.3" },
    { name = "typer", specifier = ">=0.27.0" },
]

[[package]]
name = "colorama"
version = "0.4.6"
source = { registry = "https://pypi.org/simple" }
sdist = { url = "https://files.pythonhosted.org/packages/d8/53/6f443c9a4a8358a93a6792e2acffb9d9d5cb0a5cfd8802644b7b1c9a02e4/colorama-0.4.6.tar.gz", hash = "sha256:08695f5cb7ed6e0531a20572697297273c47b8cae5a63ffc6d6ed5c201be6e44", size = 27697, upload-time = "2022-10-25T02:36:22.414Z" }
wheels = [
    { url = "https://files.pythonhosted.org/packages/d1/d6/3965ed04c63042e047cb6a3e6ed1a63a35087b6a609aa3a15ed8ac56c221/colorama-0.4.6-py2.py3-none-any.whl", hash = "sha256:4f1d9991f5acc0ca119f9d443620b77f9d6b33703e51011c16baf57afb285fc6", size = 25335, upload-time = "2022-10-25T02:36:20.889Z" },
]

[[package]]
name = "gevent"
version = "26.7.0"
source = { registry = "https://pypi.org/simple" }
dependencies = [
    { name = "cffi", marker = "platform_python_implementation == 'CPython' and sys_platform == 'win32'" },
    { name = "greenlet", marker = "platform_python_implementation == 'CPython'" },
    { name = "zope-event" },
    { name = "zope-interface" },
]
sdist = { url = "https://files.pythonhosted.org/packages/9f/5c/92002455a57cb3634383e2b822e3bccf409f43cde34528e46428971475cf/gevent-26.7.0.tar.gz", hash = "sha256:5b333a556e38a302b1b8c80525bef16d437e16f1e7767947789406841856a102", size = 6729213, upload-time = "2026-07-22T20:16:04.713Z" }
wheels = [
    { url = "https://files.pythonhosted.org/packages/c1/bb/ab60d496cbdc0293ebbd6c2070b34da0632bd7a2ca20163c17e18d2d2dc9/gevent-26.7.0-cp314-cp314-macosx_11_0_universal2.whl", hash = "sha256:0e0e3bf7ae0f82dbc5c6be26b4781e86c97f1e28d516b7a9746ac8b04bcc6948", size = 2992503, upload-time = "2026-07-22T16:24:36.503Z" },
    { url = "https://files.pythonhosted.org/packages/5c/35/75f27c06a82a5b22600aaccbd9567d89bb4091be43e96c02981f10aff23d/gevent-26.7.0-cp314-cp314-manylinux_2_28_aarch64.whl", hash = "sha256:740050b53048207b080a1e183a377c47809ad0b7b7b0cd7eab0dea1045f7e480", size = 1809173, upload-time = "2026-07-22T18:11:30.724Z" },
    { url = "https://files.pythonhosted.org/packages/5b/5f/a6b32b4db3fa76bd8a070f0f46f5306123bf6336e7a0ca0cd2f9b99473df/gevent-26.7.0-cp314-cp314-manylinux_2_28_ppc64le.whl", hash = "sha256:67983607eb6c7bafa362c5c43b69a27145b936c34a3d6441ed42413d62fae0a6", size = 1906630, upload-time = "2026-07-22T18:10:45.836Z" },
    { url = "https://files.pythonhosted.org/packages/e1/87/832495d8fcc05ff7432f038b7c4decbd5632425a2cd5da2ce73cb2d800c4/gevent-26.7.0-cp314-cp314-manylinux_2_28_s390x.whl", hash = "sha256:475848518d708e07d1987c3d94cb8ff53e2b3a69df32e39feda2779cafe400b0", size = 1855278, upload-time = "2026-07-22T18:29:11.517Z" },
    { url = "https://files.pythonhosted.org/packages/72/8b/2f36c0fa389fa2b7ceb5a8972b0e7da7bc770f9135315cf4246c607ca5fc/gevent-26.7.0-cp314-cp314-manylinux_2_28_x86_64.whl", hash = "sha256:0f8ed457dd616bfe6682569f92730f9ab45aafb1aeca5e80eb2f6b9a2ce26d11", size = 2136155, upload-time = "2026-07-22T16:48:33.865Z" },
    { url = "https://files.pythonhosted.org/packages/b5/98/09f2cfaa23dbce48e3271e95b0d003f93acece6b5cfd40f4cebe3850d79b/gevent-26.7.0-cp314-cp314-musllinux_1_2_aarch64.whl", hash = "sha256:15373c68cf1fa14114bec2f09b16e2c65374bd5309e897e0a28740b09ce329e0", size = 1822108, upload-time = "2026-07-22T18:07:15.397Z" },
    { url = "https://files.pythonhosted.org/packages/b0/d8/05a294165c17569f04284ad3c889684c8780544885b4cdf77b1432947d0c/gevent-26.7.0-cp314-cp314-musllinux_1_2_x86_64.whl", hash = "sha256:73f3d53f2f390369e290c933b75bd87f1f2261f2f2f2175aa667c43ee3049bad", size = 2162814, upload-time = "2026-07-22T17:02:18.066Z" },
    { url = "https://files.pythonhosted.org/packages/59/89/58a545c4eda33e106d6887a0387adc2249abc14c779e3eb88bbfdf3768d6/gevent-26.7.0-cp314-cp314-win_amd64.whl", hash = "sha256:f11b558d544ad2249029ba023cd6519ec3a0eee54a3d027e6515c1eaa322422a", size = 1706971, upload-time = "2026-07-22T16:27:02.263Z" },
    { url = "https://files.pythonhosted.org/packages/bb/cd/413f293e54961e5c89c54235370e3603ec0f561e7ace8357980410efbf78/gevent-26.7.0-cp314-cp314-win_arm64.whl", hash = "sha256:3871f4ca59ec2328c3ef638a0fe01a28a825443a133368dc78eb5ceadcad7609", size = 1585078, upload-time = "2026-07-22T16:30:48.145Z" },
    { url = "https://files.pythonhosted.org/packages/21/3a/47f29f632aaa38aa12410f57f1732fc50bfd4d4006d2e7e022ce731cabc9/gevent-26.7.0-cp315-cp315-macosx_11_0_universal2.whl", hash = "sha256:3e3d6e20a94239ad353b776e72b8ce18c35dbe4e98c279aef3932651553d8404", size = 2996208, upload-time = "2026-07-22T16:23:23.859Z" },
    { url = "https://files.pythonhosted.org/packages/b8/b3/4620f1ce81ecec9890229806c73f07dd022e40f76a552bd430391e7316c4/gevent-26.7.0-cp315-cp315-manylinux_2_28_aarch64.whl", hash = "sha256:ddbd3cc76b9bc69df651a216c2a62fc6415ad463b3ac9c6cbbbb8b7b8224af17", size = 1811545, upload-time = "2026-07-22T18:11:32.224Z" },
    { url = "https://files.pythonhosted.org/packages/97/fd/d285212ffd5585d511299e13e61d76262def8e826e9f20c92cb85df406f2/gevent-26.7.0-cp315-cp315-manylinux_2_28_ppc64le.whl", hash = "sha256:01ceab7e608dc1b9859d9511a0a29d7ce2e7d909ab19fddc860e70a2ed5b10ce", size = 1910418, upload-time = "2026-07-22T18:10:47.709Z" },
    { url = "https://files.pythonhosted.org/packages/2d/e0/c5d666e6065652918cfb6e6a3cf8f721d0e152c57cec217ad81792a1323b/gevent-26.7.0-cp315-cp315-manylinux_2_28_s390x.whl", hash = "sha256:2e6c917b2b8baeb6080797a6b25e35e1fd784319a05bb92b87c53546e5578eb2", size = 1857891, upload-time = "2026-07-22T18:29:13.13Z" },
    { url = "https://files.pythonhosted.org/packages/a1/67/e945ed458fa98b34572876bfd0d35fe4fa3f1159f43660b71d982b7cb63e/gevent-26.7.0-cp315-cp315-manylinux_2_28_x86_64.whl", hash = "sha256:df75a1748b26030f2f7f10042cc45640b22954d9d0dc6b4b6f0dbe0b6751a2d4", size = 2138121, upload-time = "2026-07-22T16:48:35.358Z" },
    { url = "https://files.pythonhosted.org/packages/99/55/622468fa1a3c4cf51f20e14813f5cc1592fe6e44a42ccca9195a0b18c769/gevent-26.7.0-cp315-cp315-musllinux_1_2_aarch64.whl", hash = "sha256:ee1b389587e5d5c1eb19d0455b5b4d7a0fb5c5287af4e226ec66d9dfd2548107", size = 1825114, upload-time = "2026-07-22T18:07:16.667Z" },
    { url = "https://files.pythonhosted.org/packages/0f/7a/151a2afcacf487ca25faf8b1bdd6c5b4ace2f7c1e6b4eaffe0a5e6e1df61/gevent-26.7.0-cp315-cp315-musllinux_1_2_x86_64.whl", hash = "sha256:c2918641ba756f46aa01ab9dd82d6dfceec403c77c2787298746b411dcf0288e", size = 2165990, upload-time = "2026-07-22T17:02:19.817Z" },
]

[[package]]
name = "greenlet"
version = "3.5.4"
source = { registry = "https://pypi.org/simple" }
sdist = { url = "https://files.pythonhosted.org/packages/a3/74/b13368064b09053253555d3f2839cc2684d22d5aed0d2ccffbf7a6736558/greenlet-3.5.4.tar.gz", hash = "sha256:0232ae1de90a8e07867bb127d7a6ba2301e859145489f25cda8a6096dabe1d20", size = 206538, upload-time = "2026-07-22T12:47:14.468Z" }
wheels = [
    { url = "https://files.pythonhosted.org/packages/a5/a7/6ab1d4f9cd548d15ab90da29947f2076100130bb179b0bde59f795a459e3/greenlet-3.5.4-cp314-cp314-macosx_11_0_universal2.whl", hash = "sha256:7e8afa5eac028f8140ceafe5ceec66e6aa127ddcb21452d2a564dcd2900b5f22", size = 295410, upload-time = "2026-07-22T11:40:35.747Z" },
    { url = "https://files.pythonhosted.org/packages/cd/7a/422f63b4715cbc0b24385305407adf38b48f6bb68b3e6b04090e994d0f5a/greenlet-3.5.4-cp314-cp314-manylinux_2_24_aarch64.manylinux_2_28_aarch64.whl", hash = "sha256:73b37afe369021423ea53dd3123e04bffa7e93ac64429b9f50835b2e4fcae7cf", size = 661286, upload-time = "2026-07-22T12:26:43.8Z" },
    { url = "https://files.pythonhosted.org/packages/d0/31/5a1cac663bf5582190c5a714ef81364f03cde232227f39748f8ae4c11da5/greenlet-3.5.4-cp314-cp314-manylinux_2_24_ppc64le.manylinux_2_28_ppc64le.whl", hash = "sha256:3ef964f56dfcb6f9bbef2a190d9126795eac408716aeae47b5e7c73c32aafca9", size = 673517, upload-time = "2026-07-22T12:29:04.815Z" },
    { url = "https://files.pythonhosted.org/packages/9c/bf/250c2921c7b585dde12f5239e313ca2dcbc464d161ecca36e4e6ef21762d/greenlet-3.5.4-cp314-cp314-manylinux_2_24_s390x.manylinux_2_28_s390x.whl", hash = "sha256:cef589bc65fae02d10bca2ac341191c5b33acc2967892ebf4fcbd10eabb7a74c", size = 677968, upload-time = "2026-07-22T12:43:46.788Z" },
    { url = "https://files.pythonhosted.org/packages/15/4a/2a82a1e3f8aaca020853ac8d12211280ca2b231aa08ea39f636f1060c319/greenlet-3.5.4-cp314-cp314-manylinux_2_24_x86_64.manylinux_2_28_x86_64.whl", hash = "sha256:9c53ff01a5c53a40f2c16820ebc56d7c61a77f5fbe009dadd96292d5682f80f8", size = 670917, upload-time = "2026-07-22T11:51:13.589Z" },
    { url = "https://files.pythonhosted.org/packages/18/40/10bfcf6513558d82f7b95dd728001c63bd388259fe27d3e30ae01f103430/greenlet-3.5.4-cp314-cp314-manylinux_2_39_riscv64.whl", hash = "sha256:dfc41ae893d9ceaf22c824f2153a88b30651b20e8758c2cd9ac143f23640563c", size = 480643, upload-time = "2026-07-22T12:39:54.149Z" },
    { url = "https://files.pythonhosted.org/packages/68/b0/e379a152b17bfdfa95795af4049e37c0fd1b4d81f020d426db104ed07c77/greenlet-3.5.4-cp314-cp314-musllinux_1_2_aarch64.whl", hash = "sha256:ecca4d80d55a01ad6b23b33262662956149fbb7b2c6be2910f1705921958cbf3", size = 1628478, upload-time = "2026-07-22T12:25:06.678Z" },
    { url = "https://files.pythonhosted.org/packages/5e/43/bffdfa64f7317f954c5c1230b5dd5922676ce198689a68c1ac1ed4b1b1a5/greenlet-3.5.4-cp314-cp314-musllinux_1_2_x86_64.whl", hash = "sha256:2ffbc533e0eaf8e80d8471411646ab88fe58f641d508c0b02b24494479f4d9ec", size = 1692021, upload-time = "2026-07-22T11:51:17.008Z" },
    { url = "https://files.pythonhosted.org/packages/d0/11/f799f9637e2c6e9b0b716015e339040598b058cf7654dfc0d67468b177ed/greenlet-3.5.4-cp314-cp314-win_amd64.whl", hash = "sha256:305f69e6c4523d7f6979ed001cff4e5853c063e5da04880296603aa0227e544c", size = 248031, upload-time = "2026-07-22T11:40:11.007Z" },
    { url = "https://files.pythonhosted.org/packages/05/75/625bcdd74d5e6b2dca1ecba3c3ac77bcf8a026c21a649a46cef23e421f97/greenlet-3.5.4-cp314-cp314-win_arm64.whl", hash = "sha256:f260930bbbbcf9caee661211235a5111c86dfe5832fdf6ae4570da1e0995320f", size = 246892, upload-time = "2026-07-22T11:40:27.357Z" },
    { url = "https://files.pythonhosted.org/packages/ec/69/35c62ed49c320cb4d98e14698ccca5467d3bfe683984172be9cb564d9ce3/greenlet-3.5.4-cp314-cp314t-macosx_11_0_universal2.whl", hash = "sha256:41ddab54e4b238f4a6c323f39b4e59e176affd5a94d461a9fb7583dac74240a3", size = 305571, upload-time = "2026-07-22T11:40:31.659Z" },
    { url = "https://files.pythonhosted.org/packages/5b/6c/64d60216b3640dcb0b62d913dd9e0d80030c09115bb2e4ba70c95d10ca45/greenlet-3.5.4-cp314-cp314t-manylinux_2_24_aarch64.manylinux_2_28_aarch64.whl", hash = "sha256:b3dabe3e2809013052c68bdf0b7fa5f5f2859c43a80803131ad61af9cabd7867", size = 672568, upload-time = "2026-07-22T12:26:45.298Z" },
    { url = "https://files.pythonhosted.org/packages/5c/de/ba3ab0a96292e53039530333b0d2ae18d9e508f3a325cd7bf15f8172944c/greenlet-3.5.4-cp314-cp314t-manylinux_2_24_ppc64le.manylinux_2_28_ppc64le.whl", hash = "sha256:27d3f00718634d4520a3a150154ac5da36f257869d41321953375b90bfbbc72c", size = 680076, upload-time = "2026-07-22T12:29:06.125Z" },
    { url = "https://files.pythonhosted.org/packages/ae/db/24a10af12bf8e639cec46c38b9ce1a282543ba42ff4fb0b31a970f1ab603/greenlet-3.5.4-cp314-cp314t-manylinux_2_24_s390x.manylinux_2_28_s390x.whl", hash = "sha256:39169a11d87a6a263afda3e9a27d1df16d0f919d40a4837cc73986c9884c0dd8", size = 681690, upload-time = "2026-07-22T12:43:48.109Z" },
    { url = "https://files.pythonhosted.org/packages/a5/be/aeada79083c6f1c15f45d77a332f9c441af263ee298e3eb17522cd337d22/greenlet-3.5.4-cp314-cp314t-manylinux_2_24_x86_64.manylinux_2_28_x86_64.whl", hash = "sha256:cbd60b5763c6543c1827e48faaf14ea9bfbad245f52b1a4d76a2a2d8884c6c66", size = 676733, upload-time = "2026-07-22T11:51:16.027Z" },
    { url = "https://files.pythonhosted.org/packages/f4/60/44a2eca7b9fd71ae0fae7ff184da1cd3169d176652b97aa1cffcbb0ef961/greenlet-3.5.4-cp314-cp314t-manylinux_2_39_riscv64.whl", hash = "sha256:bd3d1145f603b2db19feb9078c2e6855eb7c67e15580c010ed815cee519b86fd", size = 510263, upload-time = "2026-07-22T12:39:55.678Z" },
    { url = "https://files.pythonhosted.org/packages/e9/10/2392fc3a98948652ef5fd1e7275c04f861dd13f74b78a2b4309f4ee4d090/greenlet-3.5.4-cp314-cp314t-musllinux_1_2_aarch64.whl", hash = "sha256:f00f910f0e7b35416c63b23ad78b769aeccfc1775f712b43c4ee525624a2eef7", size = 1637327, upload-time = "2026-07-22T12:25:07.879Z" },
    { url = "https://files.pythonhosted.org/packages/55/c6/e7237a3dfa1f205ed0d9ea1e46d70bd2811b32d516266399fb59d28ab90a/greenlet-3.5.4-cp314-cp314t-musllinux_1_2_x86_64.whl", hash = "sha256:91c26423753b92caf41ab3f98fd547d7374d4d9fc2d85be041886c1579d9255e", size = 1697493, upload-time = "2026-07-22T11:51:19.214Z" },
    { url = "https://files.pythonhosted.org/packages/55/e3/4ba8154ba2a3d43729e499f72471b4b5c993f3826d3e24da81d5f06d6572/greenlet-3.5.4-cp314-cp314t-win_amd64.whl", hash = "sha256:ee032b91fd8ec29ec6c4cea2b8c561b178435134bd0752c7334b94e9c736c132", size = 251637, upload-time = "2026-07-22T11:40:37.44Z" },
    { url = "https://files.pythonhosted.org/packages/90/03/e3f96dfc100261a29545ddc8270cafe58f9195b6651466910e820910de77/greenlet-3.5.4-cp315-cp315-macosx_11_0_universal2.whl", hash = "sha256:178111881dd7a6c946471fda85485ec796e1043c2b939f694b096e2ecf986809", size = 296076, upload-time = "2026-07-22T11:39:38.364Z" },
    { url = "https://files.pythonhosted.org/packages/a4/3d/da52d208e5c977bce8667e784729e584e38b5785f4c1ec0f4c836e9a1c42/greenlet-3.5.4-cp315-cp315-manylinux_2_24_aarch64.manylinux_2_28_aarch64.whl", hash = "sha256:d92df08dd65fede97fc37aad36c2e9dcda3b31c467f8e0c2c096456cb818e927", size = 666870, upload-time = "2026-07-22T12:26:46.691Z" },
    { url = "https://files.pythonhosted.org/packages/2d/8a/7e6dee25cb8a8cf9b362c8e597cc269593378bd916f16c736c059a52e85a/greenlet-3.5.4-cp315-cp315-manylinux_2_24_ppc64le.manylinux_2_28_ppc64le.whl", hash = "sha256:99e8f8c4ebc4fd80aa26c1280ae9ad43a0976e786349703a181cf0bae60413e5", size = 677678, upload-time = "2026-07-22T12:29:07.508Z" },
    { url = "https://files.pythonhosted.org/packages/51/a7/dafc7415d430b0a43a16396eb49ecb3b62fd720877fb259cc4dcfaf5f31e/greenlet-3.5.4-cp315-cp315-manylinux_2_24_s390x.manylinux_2_28_s390x.whl", hash = "sha256:1f17e362d78e37559e0506c5a7d066bdd45073c36a0127a543e8a0df27242ff3", size = 681428, upload-time = "2026-07-22T12:43:49.623Z" },
    { url = "https://files.pythonhosted.org/packages/6c/21/5a38699fa45de749e3857d93b8f07e4c20489e77c2d35d915a2e1c456606/greenlet-3.5.4-cp315-cp315-manylinux_2_24_x86_64.manylinux_2_28_x86_64.whl", hash = "sha256:394de08dad5ffcb1f50c2159d93e398d9d2da3ed437645eaa54771fa720db9f0", size = 676067, upload-time = "2026-07-22T11:51:18.163Z" },
    { url = "https://files.pythonhosted.org/packages/2e/d9/6298f3432de301d4718766cf934bd73c418c73f81fbb77247319364b0d96/greenlet-3.5.4-cp315-cp315-manylinux_2_39_riscv64.whl", hash = "sha256:cd320d998cbaa032932830448e39abf3c6a12901295e386e8114db926e10cffb", size = 487446, upload-time = "2026-07-22T12:39:57.044Z" },
    { url = "https://files.pythonhosted.org/packages/5e/ba/863116ab8ff1ca7a729e327800268939d182db47aa433db70e216e7d9194/greenlet-3.5.4-cp315-cp315-musllinux_1_2_aarch64.whl", hash = "sha256:c883d61f2282d72c767a14936641b3efcbde9d82f1080712aaea0b1d3126cb88", size = 1633489, upload-time = "2026-07-22T12:25:09.605Z" },
    { url = "https://files.pythonhosted.org/packages/fa/06/7466ced82818d6132462d7f26b3f83c66ea15d2b193a6c0088d558ed7d95/greenlet-3.5.4-cp315-cp315-musllinux_1_2_x86_64.whl", hash = "sha256:2a924f15d17957e252a810acefcb5942f5ca712298e8b6fcaed9a307d357522c", size = 1696584, upload-time = "2026-07-22T11:51:21.304Z" },
    { url = "https://files.pythonhosted.org/packages/f9/4d/55b638489260065de9ffce606c8b5d04507bef705de4b212a0c3d6a1a0df/greenlet-3.5.4-cp315-cp315-win_amd64.whl", hash = "sha256:ed17e5f3420360d5b459de8462efb52060399a5326a613d4cde31cef63ef95da", size = 248297, upload-time = "2026-07-22T11:42:04.055Z" },
    { url = "https://files.pythonhosted.org/packages/bb/08/9dd4ae635da93d41dc268bc34bd62a9d711ed8b8825c5d22ac910c7d6e6d/greenlet-3.5.4-cp315-cp315-win_arm64.whl", hash = "sha256:f908898d6fa484ce4b6f447ce70ea99b52c503fee419e53cf74d60a16bc9e667", size = 247423, upload-time = "2026-07-22T11:44:00.764Z" },
    { url = "https://files.pythonhosted.org/packages/19/66/7c87ed9cdbf1d49c2c6cd1c7b9dd4d16c33b24235ca03972293a1876b30c/greenlet-3.5.4-cp315-cp315t-macosx_11_0_universal2.whl", hash = "sha256:1833637f17d5e7472548a48575c394fe39f1b1890d676d162d86593610f44d8c", size = 306487, upload-time = "2026-07-22T11:41:25.118Z" },
    { url = "https://files.pythonhosted.org/packages/5b/05/0a4201e7c0054866eefc05da234f236dd4c950d0fbf9ca0517141f01b269/greenlet-3.5.4-cp315-cp315t-manylinux_2_24_aarch64.manylinux_2_28_aarch64.whl", hash = "sha256:12cda9122e03341f1cb6b8207a19d7a9d375e52f1b4e9243918375f40fd7b4b9", size = 676479, upload-time = "2026-07-22T12:26:48.129Z" },
    { url = "https://files.pythonhosted.org/packages/3d/c0/4b6b8c5a3aec70f0649cd89662d120fdd6421e2bdc8e3b15c3ab5ec568d8/greenlet-3.5.4-cp315-cp315t-manylinux_2_24_ppc64le.manylinux_2_28_ppc64le.whl", hash = "sha256:d83ae0e32d14957ab7170785a20f582635c8474deab1bfbb552b17e769a6ce25", size = 684321, upload-time = "2026-07-22T12:29:08.925Z" },
    { url = "https://files.pythonhosted.org/packages/88/15/0b167aeea95285b0e654ddce651922f666c089363c2ec528ca8b9a9ba74f/greenlet-3.5.4-cp315-cp315t-manylinux_2_24_s390x.manylinux_2_28_s390x.whl", hash = "sha256:123aa379c962ed5fe90a880327e0c3066124ac64ec99e12a238be9fd8eb3db3d", size = 685995, upload-time = "2026-07-22T12:43:50.993Z" },
    { url = "https://files.pythonhosted.org/packages/24/c9/b49c31c9a972eee91e260445770e922244a7efc542697f51a012ec046d0f/greenlet-3.5.4-cp315-cp315t-manylinux_2_24_x86_64.manylinux_2_28_x86_64.whl", hash = "sha256:9f1467de1bb767f75db0aa34c195e3a496d8d1278c796e70c24ce205d3e99cde", size = 681293, upload-time = "2026-07-22T11:51:20.43Z" },
    { url = "https://files.pythonhosted.org/packages/de/90/c023ec337f32ff505be7db759c80d98f0532bb94d0c6fa13645efe9bee2e/greenlet-3.5.4-cp315-cp315t-manylinux_2_39_riscv64.whl", hash = "sha256:adf2244d7f69409925a8f22ed22cc5f93cdfe5c9dc87ff3476be2c2aaae61a05", size = 516928, upload-time = "2026-07-22T12:39:58.359Z" },
    { url = "https://files.pythonhosted.org/packages/95/6f/7f2d4653770500eee667866016d42d7a68e3d3462f80df6b8e3fcd48a0eb/greenlet-3.5.4-cp315-cp315t-musllinux_1_2_aarch64.whl", hash = "sha256:0fa53040b78b578120eecdc0265e3f1051487cc425d11a2b7c761daadf4feaa8", size = 1642474, upload-time = "2026-07-22T12:25:10.819Z" },
    { url = "https://files.pythonhosted.org/packages/5a/d8/8cba31036a4caae448087ba5d150660ab03b4a0f54d9150f6495a3be7262/greenlet-3.5.4-cp315-cp315t-musllinux_1_2_x86_64.whl", hash = "sha256:60e0bc961d367df506660e9ac0177a76bc6d81305300704b0977d1634f76efe2", size = 1701012, upload-time = "2026-07-22T11:51:23.17Z" },
    { url = "https://files.pythonhosted.org/packages/e3/cd/3f77a4cce3bae631b08eb52f53a82a976669600337e21dfdba811cb50267/greenlet-3.5.4-cp315-cp315t-win_amd64.whl", hash = "sha256:f680e549edb3eaf21eea4e7fe101e15ec180c74b7879ab46adc080f22d4015d2", size = 251977, upload-time = "2026-07-22T11:41:38.125Z" },
    { url = "https://files.pythonhosted.org/packages/93/e8/65e8707d00fe2a49bf12f609a9b2b39ba6dd23c2810eacad877c4fc94bfe/greenlet-3.5.4-cp315-cp315t-win_arm64.whl", hash = "sha256:08fc36de8442d5c3e95b044550dbea9bf144d31ec0cc58e36fb241cb6ef6a994", size = 250538, upload-time = "2026-07-22T11:40:17.985Z" },
]

[[package]]
name = "markdown-it-py"
version = "4.2.0"
source = { registry = "https://pypi.org/simple" }
dependencies = [
    { name = "mdurl" },
]
sdist = { url = "https://files.pythonhosted.org/packages/06/ff/7841249c247aa650a76b9ee4bbaeae59370dc8bfd2f6c01f3630c35eb134/markdown_it_py-4.2.0.tar.gz", hash = "sha256:04a21681d6fbb623de53f6f364d352309d4094dd4194040a10fd51833e418d49", size = 82454, upload-time = "2026-05-07T12:08:28.36Z" }
wheels = [
    { url = "https://files.pythonhosted.org/packages/b3/81/4da04ced5a082363ecfa159c010d200ecbd959ae410c10c0264a38cac0f5/markdown_it_py-4.2.0-py3-none-any.whl", hash = "sha256:9f7ebbcd14fe59494226453aed97c1070d83f8d24b6fc3a3bcf9a38092641c4a", size = 91687, upload-time = "2026-05-07T12:08:27.182Z" },
]

[[package]]
name = "mdurl"
version = "0.1.2"
source = { registry = "https://pypi.org/simple" }
sdist = { url = "https://files.pythonhosted.org/packages/d6/54/cfe61301667036ec958cb99bd3efefba235e65cdeb9c84d24a8293ba1d90/mdurl-0.1.2.tar.gz", hash = "sha256:bb413d29f5eea38f31dd4754dd7377d4465116fb207585f97bf925588687c1ba", size = 8729, upload-time = "2022-08-14T12:40:10.846Z" }
wheels = [
    { url = "https://files.pythonhosted.org/packages/b3/38/89ba8ad64ae25be8de66a6d463314cf1eb366222074cfda9ee839c56a4b4/mdurl-0.1.2-py3-none-any.whl", hash = "sha256:84008a41e51615a49fc9966191ff91509e3c40b939176e643fd50a5c2196b8f8", size = 9979, upload-time = "2022-08-14T12:40:09.779Z" },
]

[[package]]
name = "parallel-ssh"
version = "2.16.0.post1"
source = { registry = "https://pypi.org/simple" }
dependencies = [
    { name = "gevent" },
    { name = "ssh-python" },
    { name = "ssh2-python" },
]
sdist = { url = "https://files.pythonhosted.org/packages/5f/ec/c6e4d905364910de3e044c5eb80b9c1655ba7da9b7b81bc02b8a6d2285a0/parallel_ssh-2.16.0.post1.tar.gz", hash = "sha256:c355eb965c8698e7ec8e7fd39fbe1b0d6d35debc2de603ebb1b397a9bc30d61c", size = 72550, upload-time = "2025-10-14T12:24:15.55Z" }
wheels = [
    { url = "https://files.pythonhosted.org/packages/34/23/001f528cd9041fcab9866f67b8ed54c3b5288b069f3cf436726453f4a5f6/parallel_ssh-2.16.0.post1-py3-none-any.whl", hash = "sha256:caf185609bef24f20ccac75adf4babf8baee83996bfc50d9d617e23d9cb75475", size = 88328, upload-time = "2025-10-14T12:24:14.351Z" },
]

[[package]]
name = "pycparser"
version = "3.0"
source = { registry = "https://pypi.org/simple" }
sdist = { url = "https://files.pythonhosted.org/packages/1b/7d/92392ff7815c21062bea51aa7b87d45576f649f16458d78b7cf94b9ab2e6/pycparser-3.0.tar.gz", hash = "sha256:600f49d217304a5902ac3c37e1281c9fe94e4d0489de643a9504c5cdfdfc6b29", size = 103492, upload-time = "2026-01-21T14:26:51.89Z" }
wheels = [
    { url = "https://files.pythonhosted.org/packages/0c/c3/44f3fbbfa403ea2a7c779186dc20772604442dde72947e7d01069cbe98e3/pycparser-3.0-py3-none-any.whl", hash = "sha256:b727414169a36b7d524c1c3e31839a521725078d7b2ff038656844266160a992", size = 48172, upload-time = "2026-01-21T14:26:50.693Z" },
]

[[package]]
name = "pygments"
version = "2.20.0"
source = { registry = "https://pypi.org/simple" }
sdist = { url = "https://files.pythonhosted.org/packages/c3/b2/bc9c9196916376152d655522fdcebac55e66de6603a76a02bca1b6414f6c/pygments-2.20.0.tar.gz", hash = "sha256:6757cd03768053ff99f3039c1a36d6c0aa0b263438fcab17520b30a303a82b5f", size = 4955991, upload-time = "2026-03-29T13:29:33.898Z" }
wheels = [
    { url = "https://files.pythonhosted.org/packages/f4/7e/a72dd26f3b0f4f2bf1dd8923c85f7ceb43172af56d63c7383eb62b332364/pygments-2.20.0-py3-none-any.whl", hash = "sha256:81a9e26dd42fd28a23a2d169d86d7ac03b46e2f8b59ed4698fb4785f946d0176", size = 1231151, upload-time = "2026-03-29T13:29:30.038Z" },
]

[[package]]
name = "pyyaml"
version = "6.0.3"
source = { registry = "https://pypi.org/simple" }
sdist = { url = "https://files.pythonhosted.org/packages/05/8e/961c0007c59b8dd7729d542c61a4d537767a59645b82a0b521206e1e25c2/pyyaml-6.0.3.tar.gz", hash = "sha256:d76623373421df22fb4cf8817020cbb7ef15c725b9d5e45f17e189bfc384190f", size = 130960, upload-time = "2025-09-25T21:33:16.546Z" }
wheels = [
    { url = "https://files.pythonhosted.org/packages/9d/8c/f4bd7f6465179953d3ac9bc44ac1a8a3e6122cf8ada906b4f96c60172d43/pyyaml-6.0.3-cp314-cp314-macosx_10_13_x86_64.whl", hash = "sha256:8d1fab6bb153a416f9aeb4b8763bc0f22a5586065f86f7664fc23339fc1c1fac", size = 181814, upload-time = "2025-09-25T21:32:35.712Z" },
    { url = "https://files.pythonhosted.org/packages/bd/9c/4d95bb87eb2063d20db7b60faa3840c1b18025517ae857371c4dd55a6b3a/pyyaml-6.0.3-cp314-cp314-macosx_11_0_arm64.whl", hash = "sha256:34d5fcd24b8445fadc33f9cf348c1047101756fd760b4dacb5c3e99755703310", size = 173809, upload-time = "2025-09-25T21:32:36.789Z" },
    { url = "https://files.pythonhosted.org/packages/92/b5/47e807c2623074914e29dabd16cbbdd4bf5e9b2db9f8090fa64411fc5382/pyyaml-6.0.3-cp314-cp314-manylinux2014_aarch64.manylinux_2_17_aarch64.manylinux_2_28_aarch64.whl", hash = "sha256:501a031947e3a9025ed4405a168e6ef5ae3126c59f90ce0cd6f2bfc477be31b7", size = 766454, upload-time = "2025-09-25T21:32:37.966Z" },
    { url = "https://files.pythonhosted.org/packages/02/9e/e5e9b168be58564121efb3de6859c452fccde0ab093d8438905899a3a483/pyyaml-6.0.3-cp314-cp314-manylinux2014_s390x.manylinux_2_17_s390x.manylinux_2_28_s390x.whl", hash = "sha256:b3bc83488de33889877a0f2543ade9f70c67d66d9ebb4ac959502e12de895788", size = 836355, upload-time = "2025-09-25T21:32:39.178Z" },
    { url = "https://files.pythonhosted.org/packages/88/f9/16491d7ed2a919954993e48aa941b200f38040928474c9e85ea9e64222c3/pyyaml-6.0.3-cp314-cp314-manylinux2014_x86_64.manylinux_2_17_x86_64.manylinux_2_28_x86_64.whl", hash = "sha256:c458b6d084f9b935061bc36216e8a69a7e293a2f1e68bf956dcd9e6cbcd143f5", size = 794175, upload-time = "2025-09-25T21:32:40.865Z" },
    { url = "https://files.pythonhosted.org/packages/dd/3f/5989debef34dc6397317802b527dbbafb2b4760878a53d4166579111411e/pyyaml-6.0.3-cp314-cp314-musllinux_1_2_aarch64.whl", hash = "sha256:7c6610def4f163542a622a73fb39f534f8c101d690126992300bf3207eab9764", size = 755228, upload-time = "2025-09-25T21:32:42.084Z" },
    { url = "https://files.pythonhosted.org/packages/d7/ce/af88a49043cd2e265be63d083fc75b27b6ed062f5f9fd6cdc223ad62f03e/pyyaml-6.0.3-cp314-cp314-musllinux_1_2_x86_64.whl", hash = "sha256:5190d403f121660ce8d1d2c1bb2ef1bd05b5f68533fc5c2ea899bd15f4399b35", size = 789194, upload-time = "2025-09-25T21:32:43.362Z" },
    { url = "https://files.pythonhosted.org/packages/23/20/bb6982b26a40bb43951265ba29d4c246ef0ff59c9fdcdf0ed04e0687de4d/pyyaml-6.0.3-cp314-cp314-win_amd64.whl", hash = "sha256:4a2e8cebe2ff6ab7d1050ecd59c25d4c8bd7e6f400f5f82b96557ac0abafd0ac", size = 156429, upload-time = "2025-09-25T21:32:57.844Z" },
    { url = "https://files.pythonhosted.org/packages/f4/f4/a4541072bb9422c8a883ab55255f918fa378ecf083f5b85e87fc2b4eda1b/pyyaml-6.0.3-cp314-cp314-win_arm64.whl", hash = "sha256:93dda82c9c22deb0a405ea4dc5f2d0cda384168e466364dec6255b293923b2f3", size = 143912, upload-time = "2025-09-25T21:32:59.247Z" },
    { url = "https://files.pythonhosted.org/packages/7c/f9/07dd09ae774e4616edf6cda684ee78f97777bdd15847253637a6f052a62f/pyyaml-6.0.3-cp314-cp314t-macosx_10_13_x86_64.whl", hash = "sha256:02893d100e99e03eda1c8fd5c441d8c60103fd175728e23e431db1b589cf5ab3", size = 189108, upload-time = "2025-09-25T21:32:44.377Z" },
    { url = "https://files.pythonhosted.org/packages/4e/78/8d08c9fb7ce09ad8c38ad533c1191cf27f7ae1effe5bb9400a46d9437fcf/pyyaml-6.0.3-cp314-cp314t-macosx_11_0_arm64.whl", hash = "sha256:c1ff362665ae507275af2853520967820d9124984e0f7466736aea23d8611fba", size = 183641, upload-time = "2025-09-25T21:32:45.407Z" },
    { url = "https://files.pythonhosted.org/packages/7b/5b/3babb19104a46945cf816d047db2788bcaf8c94527a805610b0289a01c6b/pyyaml-6.0.3-cp314-cp314t-manylinux2014_aarch64.manylinux_2_17_aarch64.manylinux_2_28_aarch64.whl", hash = "sha256:6adc77889b628398debc7b65c073bcb99c4a0237b248cacaf3fe8a557563ef6c", size = 831901, upload-time = "2025-09-25T21:32:48.83Z" },
    { url = "https://files.pythonhosted.org/packages/8b/cc/dff0684d8dc44da4d22a13f35f073d558c268780ce3c6ba1b87055bb0b87/pyyaml-6.0.3-cp314-cp314t-manylinux2014_s390x.manylinux_2_17_s390x.manylinux_2_28_s390x.whl", hash = "sha256:a80cb027f6b349846a3bf6d73b5e95e782175e52f22108cfa17876aaeff93702", size = 861132, upload-time = "2025-09-25T21:32:50.149Z" },
    { url = "https://files.pythonhosted.org/packages/b1/5e/f77dc6b9036943e285ba76b49e118d9ea929885becb0a29ba8a7c75e29fe/pyyaml-6.0.3-cp314-cp314t-manylinux2014_x86_64.manylinux_2_17_x86_64.manylinux_2_28_x86_64.whl", hash = "sha256:00c4bdeba853cc34e7dd471f16b4114f4162dc03e6b7afcc2128711f0eca823c", size = 839261, upload-time = "2025-09-25T21:32:51.808Z" },
    { url = "https://files.pythonhosted.org/packages/ce/88/a9db1376aa2a228197c58b37302f284b5617f56a5d959fd1763fb1675ce6/pyyaml-6.0.3-cp314-cp314t-musllinux_1_2_aarch64.whl", hash = "sha256:66e1674c3ef6f541c35191caae2d429b967b99e02040f5ba928632d9a7f0f065", size = 805272, upload-time = "2025-09-25T21:32:52.941Z" },
    { url = "https://files.pythonhosted.org/packages/da/92/1446574745d74df0c92e6aa4a7b0b3130706a4142b2d1a5869f2eaa423c6/pyyaml-6.0.3-cp314-cp314t-musllinux_1_2_x86_64.whl", hash = "sha256:16249ee61e95f858e83976573de0f5b2893b3677ba71c9dd36b9cf8be9ac6d65", size = 829923, upload-time = "2025-09-25T21:32:54.537Z" },
    { url = "https://files.pythonhosted.org/packages/f0/7a/1c7270340330e575b92f397352af856a8c06f230aa3e76f86b39d01b416a/pyyaml-6.0.3-cp314-cp314t-win_amd64.whl", hash = "sha256:4ad1906908f2f5ae4e5a8ddfce73c320c2a1429ec52eafd27138b7f1cbe341c9", size = 174062, upload-time = "2025-09-25T21:32:55.767Z" },
    { url = "https://files.pythonhosted.org/packages/f1/12/de94a39c2ef588c7e6455cfbe7343d3b2dc9d6b6b2f40c4c6565744c873d/pyyaml-6.0.3-cp314-cp314t-win_arm64.whl", hash = "sha256:ebc55a14a21cb14062aa4162f906cd962b28e2e9ea38f9b4391244cd8de4ae0b", size = 149341, upload-time = "2025-09-25T21:32:56.828Z" },
]

[[package]]
name = "rich"
version = "15.0.0"
source = { registry = "https://pypi.org/simple" }
dependencies = [
    { name = "markdown-it-py" },
    { name = "pygments" },
]
sdist = { url = "https://files.pythonhosted.org/packages/c0/8f/0722ca900cc807c13a6a0c696dacf35430f72e0ec571c4275d2371fca3e9/rich-15.0.0.tar.gz", hash = "sha256:edd07a4824c6b40189fb7ac9bc4c52536e9780fbbfbddf6f1e2502c31b068c36", size = 230680, upload-time = "2026-04-12T08:24:00.75Z" }
wheels = [
    { url = "https://files.pythonhosted.org/packages/82/3b/64d4899d73f91ba49a8c18a8ff3f0ea8f1c1d75481760df8c68ef5235bf5/rich-15.0.0-py3-none-any.whl", hash = "sha256:33bd4ef74232fb73fe9279a257718407f169c09b78a87ad3d296f548e27de0bb", size = 310654, upload-time = "2026-04-12T08:24:02.83Z" },
]

[[package]]
name = "shellingham"
version = "1.5.4"
source = { registry = "https://pypi.org/simple" }
sdist = { url = "https://files.pythonhosted.org/packages/58/15/8b3609fd3830ef7b27b655beb4b4e9c62313a4e8da8c676e142cc210d58e/shellingham-1.5.4.tar.gz", hash = "sha256:8dbca0739d487e5bd35ab3ca4b36e11c4078f3a234bfce294b0a0291363404de", size = 10310, upload-time = "2023-10-24T04:13:40.426Z" }
wheels = [
    { url = "https://files.pythonhosted.org/packages/e0/f9/0595336914c5619e5f28a1fb793285925a8cd4b432c9da0a987836c7f822/shellingham-1.5.4-py2.py3-none-any.whl", hash = "sha256:7ecfff8f2fd72616f7481040475a65b2bf8af90a56c89140852d1120324e8686", size = 9755, upload-time = "2023-10-24T04:13:38.866Z" },
]

[[package]]
name = "ssh-python"
version = "1.2.0.post1"
source = { registry = "https://pypi.org/simple" }
sdist = { url = "https://files.pythonhosted.org/packages/fc/4c/5350a9eb42527f837cc9cc92899e180b3d2f1a6fd680eb854041b29fd461/ssh_python-1.2.0.post1.tar.gz", hash = "sha256:cbf44919d8c7d9f10fc9768e69c69e6e5df896561ac4cd34b2d94397d8154543", size = 2149509, upload-time = "2025-10-12T13:22:45.873Z" }
wheels = [
    { url = "https://files.pythonhosted.org/packages/8d/0d/2f2ef416bb37d0a53d200caece371b6e87798ebb943625d7be482ae0767f/ssh_python-1.2.0.post1-cp314-cp314-manylinux2014_aarch64.manylinux_2_17_aarch64.whl", hash = "sha256:4d2f11ba2ec7b2e29a1b0960681fed0854ca05ef4d6fe0054df46b42bf154128", size = 3724473, upload-time = "2025-10-12T13:23:01.958Z" },
    { url = "https://files.pythonhosted.org/packages/7e/3a/54e7cd32bbc493a64eea0d3e6faef0e19fb714d6ba6c9dd10b7a43e4bb30/ssh_python-1.2.0.post1-cp314-cp314-manylinux2014_x86_64.manylinux_2_17_x86_64.whl", hash = "sha256:4ebf0c8221cf0f948fe08ac289ab3230efb8625c62732a0a7017bd03889a890d", size = 3405299, upload-time = "2025-10-12T13:22:38.867Z" },
    { url = "https://files.pythonhosted.org/packages/67/47/a4bf8661fd293e2a751531ba2cc111b69b69446975c3dd67951c08b2d71b/ssh_python-1.2.0.post1-cp314-cp314t-manylinux2014_aarch64.manylinux_2_17_aarch64.whl", hash = "sha256:3999b21536ad3b932df7e3f176828ba9ce4b1b99f8780ac1ad584b2118c9f3e2", size = 3775780, upload-time = "2025-10-12T13:23:03.076Z" },
    { url = "https://files.pythonhosted.org/packages/07/87/c9c17c8d9192ba447606455e67f3872daa0c1a7ed529d3bbc92508982315/ssh_python-1.2.0.post1-cp314-cp314t-manylinux2014_x86_64.manylinux_2_17_x86_64.whl", hash = "sha256:8706f2f7d0cc9b9a74788e2e49e2fac653b4aa5de0cfee63af5b2c81400151d6", size = 3451959, upload-time = "2025-10-12T13:22:40.383Z" },
]

[[package]]
name = "ssh2-python"
version = "1.2.0.post1"
source = { registry = "https://pypi.org/simple" }
sdist = { url = "https://files.pythonhosted.org/packages/e3/ab/8105fdee39bee50e505c9c97e117353e19ab18c250307ec29a7dee46e46c/ssh2_python-1.2.0.post1.tar.gz", hash = "sha256:f981465ace35f96e0935b36091b61d17689d9e0e4f29b33a50882b92c45ddcbd", size = 2242329, upload-time = "2025-10-12T13:21:17.877Z" }
wheels = [
    { url = "https://files.pythonhosted.org/packages/cb/a6/2f5c757d826492ffdc73c4e8b426db693cb6fee1af3c9606ad1401e392a1/ssh2_python-1.2.0.post1-cp314-cp314-manylinux2014_aarch64.manylinux_2_17_aarch64.whl", hash = "sha256:6abfd574f557767a6e9bccd717cb2906b1fe6f56dace4aa62e1cebe002048665", size = 5346267, upload-time = "2025-10-12T13:21:44.484Z" },
    { url = "https://files.pythonhosted.org/packages/77/3b/966a19024c35749f2acb58c07623e754d031ebbe8c759b972a3417ba7d58/ssh2_python-1.2.0.post1-cp314-cp314-manylinux2014_x86_64.manylinux_2_17_x86_64.whl", hash = "sha256:42ac53dc85bc84573fae559090badb39732014f296cc213cc6cc2d9925f28685", size = 4951927, upload-time = "2025-10-12T13:21:11.216Z" },
    { url = "https://files.pythonhosted.org/packages/75/98/55cd51f1b08b2c78abfa48f92cb53161a947d76e85bf05d66a249cd87867/ssh2_python-1.2.0.post1-cp314-cp314t-manylinux2014_aarch64.manylinux_2_17_aarch64.whl", hash = "sha256:cb7376604f64df06fcc397dd38337fe7271b807c2d3b8394459ffcccb7f38b84", size = 5725241, upload-time = "2025-10-12T13:21:46.047Z" },
    { url = "https://files.pythonhosted.org/packages/80/e4/9436676cee8592978a646c9adcbe4412f69d1cd750bef9d4f2c795979220/ssh2_python-1.2.0.post1-cp314-cp314t-manylinux2014_x86_64.manylinux_2_17_x86_64.whl", hash = "sha256:4a2f49996543b21af7e94b4296695ef5a3da59394f07c4e1178172533a3a46ee", size = 5266355, upload-time = "2025-10-12T13:21:12.775Z" },
]

[[package]]
name = "typer"
version = "0.27.0"
source = { registry = "https://pypi.org/simple" }
dependencies = [
    { name = "annotated-doc" },
    { name = "colorama", marker = "sys_platform == 'win32'" },
    { name = "rich" },
    { name = "shellingham" },
]
sdist = { url = "https://files.pythonhosted.org/packages/37/78/fda3361b56efc27944f24225f6ecd13d96d6fcfe37bd0eb34e2f4c63f9fc/typer-0.27.0.tar.gz", hash = "sha256:629bd12ea5d13a17148125d9a264f949eb171fb3f120f9b04d85873cab054fa5", size = 203430, upload-time = "2026-07-15T19:21:07.007Z" }
wheels = [
    { url = "https://files.pythonhosted.org/packages/40/03/26a383c9e58c213199d1aad1c3d353cfc22d4444ec6d2c0bf8ad02523843/typer-0.27.0-py3-none-any.whl", hash = "sha256:6f4b27631e47f077871b7dc30e933ec0131c1390fbe0e387ea5574b5bac9ccf1", size = 122716, upload-time = "2026-07-15T19:21:05.553Z" },
]

[[package]]
name = "zope-event"
version = "6.2"
source = { registry = "https://pypi.org/simple" }
sdist = { url = "https://files.pythonhosted.org/packages/93/41/faa10af34d48d9cd6fa0249a1162943ad84a9590bd1a06939981e6640416/zope_event-6.2.tar.gz", hash = "sha256:b97d5d6327067ee6b9dfcbdf606ade9ade70991e19c162e808ea39e5fcf0f8d3", size = 18958, upload-time = "2026-04-28T06:24:10.578Z" }
wheels = [
    { url = "https://files.pythonhosted.org/packages/9e/33/848922889e946d4befc415c219fe516af75c49555d8e736e183bfd30db42/zope_event-6.2-py3-none-any.whl", hash = "sha256:5e755153ac4faf64c10a4b6dd3307680166a3edf65b38df22df592610f8fa874", size = 6525, upload-time = "2026-04-28T06:24:09.176Z" },
]

[[package]]
name = "zope-interface"
version = "8.5"
source = { registry = "https://pypi.org/simple" }
sdist = { url = "https://files.pythonhosted.org/packages/08/dc/50550cfcbb2ea3cbca5f1d7ed05c8aa840f831a0f2d63aec0a953f7c590e/zope_interface-8.5.tar.gz", hash = "sha256:7a3ba1c5877f0f3e3906b02ddf793abed2becc2948116414ce0e1dd820b68d6d", size = 257957, upload-time = "2026-05-26T06:50:14.574Z" }
wheels = [
    { url = "https://files.pythonhosted.org/packages/d4/19/5032e954827fdf02db2d2f49737ac4378bb9cfc2cd95a8f2e2a5ae2ec01a/zope_interface-8.5-cp314-cp314-macosx_10_9_x86_64.whl", hash = "sha256:ffaecf013251a89d0de6feb49a46eba48ad8cbbf8a40aeb6045e459e7bec6784", size = 212597, upload-time = "2026-05-26T06:49:51.63Z" },
    { url = "https://files.pythonhosted.org/packages/f1/53/3ef644012cf8a6a234a2d6134aab5a5c65ac5467c86296865501d4fbc406/zope_interface-8.5-cp314-cp314-macosx_11_0_arm64.whl", hash = "sha256:126fa9d1c52295ae076d4cf968634f0a1826afa408a20808b57ff72877b8f69f", size = 212626, upload-time = "2026-05-26T06:49:53.236Z" },
    { url = "https://files.pythonhosted.org/packages/32/67/bc8b4f465d388039255003e230c284a175cedf1203c692f23cb7bff64efe/zope_interface-8.5-cp314-cp314-manylinux1_i686.manylinux2014_i686.manylinux_2_17_i686.manylinux_2_5_i686.whl", hash = "sha256:3090e3a663d20194756a59a272e0c8508b889341e31d5894223331fe6b4f9b21", size = 266827, upload-time = "2026-05-26T06:49:54.873Z" },
    { url = "https://files.pythonhosted.org/packages/a7/eb/37d05b935ede53d79690fecc8d201440084418e590bcfc05f384451c7593/zope_interface-8.5-cp314-cp314-manylinux1_x86_64.manylinux2014_x86_64.manylinux_2_17_x86_64.manylinux_2_5_x86_64.whl", hash = "sha256:9342fb74e2afefdb081bf1df727d209ea56995c6e13f5a0540e6d7aff4beafb8", size = 270139, upload-time = "2026-05-26T06:49:57.116Z" },
    { url = "https://files.pythonhosted.org/packages/8b/0b/fd0c54579e2ce8dc6cf1a757903f3374bc6fbda929a46af9e0f53cb0e5f0/zope_interface-8.5-cp314-cp314-manylinux2014_aarch64.manylinux_2_17_aarch64.whl", hash = "sha256:6c54725d818f1b57a7efb8b16528326e1f3c257b602b32393fd255c45af8799d", size = 270338, upload-time = "2026-05-26T06:49:58.698Z" },
    { url = "https://files.pythonhosted.org/packages/c1/1d/c420dcd777bb761067ea92879ac766694a5ca78608185f1aecea64cbfc11/zope_interface-8.5-cp314-cp314-win_amd64.whl", hash = "sha256:29d74febbae1afeb6834c4ccbf42e242a673c860060f09e53142825270456140", size = 215789, upload-time = "2026-05-26T06:50:00.405Z" },
    { url = "https://files.pythonhosted.org/packages/62/94/50b5eb8f94e527edceac14f9955e58917424ea79bb572ddc18548561cbc2/zope_interface-8.5-cp314-cp314-win_arm64.whl", hash = "sha256:633c8c49396f38df030340797c533e9fe460d1b5d1e42d88e55e938e525f548c", size = 213757, upload-time = "2026-05-26T06:50:01.973Z" },
    { url = "https://files.pythonhosted.org/packages/17/6f/5d5f32c4dfcdb16ce2ec5363da686840f13c13e1a1214cb70b49e1cd6d9f/zope_interface-8.5-cp314-cp314t-macosx_10_9_x86_64.whl", hash = "sha256:133999820fdbae513c36c03d6f29ef87317aaa3edef39112222b155083664714", size = 213591, upload-time = "2026-05-26T06:50:03.529Z" },
    { url = "https://files.pythonhosted.org/packages/f3/55/de0c3459ff717fce3342f9a29464c281fdeb0d36c3171ee88d119d5f0650/zope_interface-8.5-cp314-cp314t-macosx_11_0_arm64.whl", hash = "sha256:8bd75c96966e573232f0599deaff717564828031c7f05563ccc1ac35c5ee0304", size = 213733, upload-time = "2026-05-26T06:50:05.101Z" },
    { url = "https://files.pythonhosted.org/packages/c2/95/d97430abd5ae9677e8b9295b58720c0064a5b557dbb6b8bf5928484cf0d8/zope_interface-8.5-cp314-cp314t-manylinux1_i686.manylinux2014_i686.manylinux_2_17_i686.manylinux_2_5_i686.whl", hash = "sha256:14b0e9799351d4c34fe99afd67f0cdd76e55ba15c66a98699d5fc22ea8241e08", size = 294905, upload-time = "2026-05-26T06:50:07.384Z" },
    { url = "https://files.pythonhosted.org/packages/41/ec/a0f8f3dad6e74992f4654bdd94802be0929eabca7b871cac3b6fbb5e961b/zope_interface-8.5-cp314-cp314t-manylinux1_x86_64.manylinux2014_x86_64.manylinux_2_17_x86_64.manylinux_2_5_x86_64.whl", hash = "sha256:0cd6a732ac84b94eb1ef9222a117347a27efd294ee16810ffdf7ecd307677ed5", size = 300885, upload-time = "2026-05-26T06:50:08.997Z" },
    { url = "https://files.pythonhosted.org/packages/0f/da/6881b48803a0ee8d23eb5efa30fce3ed218a2bd9de5758ce489d224fee81/zope_interface-8.5-cp314-cp314t-manylinux2014_aarch64.manylinux_2_17_aarch64.whl", hash = "sha256:798b7c87d0e59a7d5d086d642208d0d8700ff0d55c4029134b3c479c3bfb110f", size = 304672, upload-time = "2026-05-26T06:50:10.563Z" },
    { url = "https://files.pythonhosted.org/packages/2e/0e/b4c01320859ff1d585438bc231fd60bd258d096359bccf6654fecdf0cffb/zope_interface-8.5-cp314-cp314t-win_amd64.whl", hash = "sha256:0fc3a9d45f114d27eaa1e53beeb144533689edca8a9f66505b1e8e8b3f075e42", size = 217241, upload-time = "2026-05-26T06:50:12.171Z" },
]
